
Microsoft Visual Studio Solution File, Format Version 12.00
# Visual Studio 2013
VisualStudioVersion = 12.0.31101.0
MinimumVisualStudioVersion = 10.0.40219.1
Project("{F2A71F9B-5D33-465A-A702-920D77279786}") = "Fancy", "src\Fancy\Fancy.fsproj", "{ABA1D8E3-DCC7-4054-909A-1F99AE626374}"
EndProject
Project("{F2A71F9B-5D33-465A-A702-920D77279786}") = "Fancy.Example.SelfHost", "src\Fancy.Example.SelfHost\Fancy.Example.SelfHost.fsproj", "{1E1B2F48-4887-49B0-B07C-29506CB5D280}"
EndProject
Project("{2150E333-8FDC-42A3-9474-1A3956D46DE8}") = ".nuget", ".nuget", "{34865333-6CB0-4C02-A4B1-355940194539}"
	ProjectSection(SolutionItems) = preProject
		.nuget\NuGet.Config = .nuget\NuGet.Config
		.nuget\NuGet.exe = .nuget\NuGet.exe
		.nuget\NuGet.targets = .nuget\NuGet.targets
	EndProjectSection
EndProject
Project("{2150E333-8FDC-42A3-9474-1A3956D46DE8}") = "Solution Items", "Solution Items", "{D45683B6-49EC-4F1E-B231-D2CD57B88F6D}"
	ProjectSection(SolutionItems) = preProject
		build.bat = build.bat
		build.fsx = build.fsx
		fancy.nuspec = fancy.nuspec
		fancy.testing.nuspec = fancy.testing.nuspec
		readme.md = readme.md
		ReleaseNotes.md = ReleaseNotes.md
	EndProjectSection
EndProject
Project("{2150E333-8FDC-42A3-9474-1A3956D46DE8}") = "docs", "docs", "{55060EC0-CC18-4B1C-8726-EE3592CBB949}"
EndProject
Project("{2150E333-8FDC-42A3-9474-1A3956D46DE8}") = "content", "content", "{DAB39B10-C1C7-44AB-B275-5062A86D72E4}"
	ProjectSection(SolutionItems) = preProject
		docs\content\index.fsx = docs\content\index.fsx
		docs\content\tutorial.fsx = docs\content\tutorial.fsx
	EndProjectSection
EndProject
Project("{2150E333-8FDC-42A3-9474-1A3956D46DE8}") = "tools", "tools", "{2C3D66FC-1CAD-42C8-8819-96BD668FA570}"
	ProjectSection(SolutionItems) = preProject
		docs\tools\generate.fsx = docs\tools\generate.fsx
		packages.config = packages.config
	EndProjectSection
EndProject
Project("{F2A71F9B-5D33-465A-A702-920D77279786}") = "Fancy.Testing", "src\Fancy.Testing\Fancy.Testing.fsproj", "{72CF46B4-CB2E-4572-9663-3D66D995C6D0}"
EndProject
Project("{F2A71F9B-5D33-465A-A702-920D77279786}") = "Fancy.Tests", "tests\Fancy.Tests\Fancy.Tests.fsproj", "{7C063202-C9D9-47FB-8CC1-EA15F046A527}"
EndProject
Global
	GlobalSection(SolutionConfigurationPlatforms) = preSolution
		Debug|Any CPU = Debug|Any CPU
		Release|Any CPU = Release|Any CPU
	EndGlobalSection
	GlobalSection(ProjectConfigurationPlatforms) = postSolution
		{ABA1D8E3-DCC7-4054-909A-1F99AE626374}.Debug|Any CPU.ActiveCfg = Debug|Any CPU
		{ABA1D8E3-DCC7-4054-909A-1F99AE626374}.Debug|Any CPU.Build.0 = Debug|Any CPU
		{ABA1D8E3-DCC7-4054-909A-1F99AE626374}.Release|Any CPU.ActiveCfg = Release|Any CPU
		{ABA1D8E3-DCC7-4054-909A-1F99AE626374}.Release|Any CPU.Build.0 = Release|Any CPU
		{1E1B2F48-4887-49B0-B07C-29506CB5D280}.Debug|Any CPU.ActiveCfg = Debug|Any CPU
		{1E1B2F48-4887-49B0-B07C-29506CB5D280}.Debug|Any CPU.Build.0 = Debug|Any CPU
		{1E1B2F48-4887-49B0-B07C-29506CB5D280}.Release|Any CPU.ActiveCfg = Release|Any CPU
		{1E1B2F48-4887-49B0-B07C-29506CB5D280}.Release|Any CPU.Build.0 = Release|Any CPU
		{72CF46B4-CB2E-4572-9663-3D66D995C6D0}.Debug|Any CPU.ActiveCfg = Debug|Any CPU
		{72CF46B4-CB2E-4572-9663-3D66D995C6D0}.Debug|Any CPU.Build.0 = Debug|Any CPU
		{72CF46B4-CB2E-4572-9663-3D66D995C6D0}.Release|Any CPU.ActiveCfg = Release|Any CPU
		{72CF46B4-CB2E-4572-9663-3D66D995C6D0}.Release|Any CPU.Build.0 = Release|Any CPU
		{7C063202-C9D9-47FB-8CC1-EA15F046A527}.Debug|Any CPU.ActiveCfg = Debug|Any CPU
		{7C063202-C9D9-47FB-8CC1-EA15F046A527}.Debug|Any CPU.Build.0 = Debug|Any CPU
		{7C063202-C9D9-47FB-8CC1-EA15F046A527}.Release|Any CPU.ActiveCfg = Release|Any CPU
		{7C063202-C9D9-47FB-8CC1-EA15F046A527}.Release|Any CPU.Build.0 = Release|Any CPU
	EndGlobalSection
	GlobalSection(SolutionProperties) = preSolution
		HideSolutionNode = FALSE
	EndGlobalSection
	GlobalSection(NestedProjects) = preSolution
		{55060EC0-CC18-4B1C-8726-EE3592CBB949} = {D45683B6-49EC-4F1E-B231-D2CD57B88F6D}
		{DAB39B10-C1C7-44AB-B275-5062A86D72E4} = {55060EC0-CC18-4B1C-8726-EE3592CBB949}
		{2C3D66FC-1CAD-42C8-8819-96BD668FA570} = {55060EC0-CC18-4B1C-8726-EE3592CBB949}
	EndGlobalSection
	GlobalSection(CodealikeProperties) = postSolution
		SolutionGuid = 7ddb6ee0-80f8-435a-92fe-0e1d4644c310
	EndGlobalSection
EndGlobal
